{
  "name": "legal-encyclopedias-frontend",
  "lockfileVersion": 2,
  "requires": true,
  "packages": {
    "": {
      "dependencies": {
        "firstui-uni": "^1.9.1"
      }
    },
    "node_modules/firstui-uni": {
      "version": "1.9.1",
      "resolved": "https://registry.npmmirror.com/firstui-uni/-/firstui-uni-1.9.1.tgz",
      "integrity": "sha512-o2lDEuBt15FVL6UZmJMOgA2U8nQNAvQLKGQp/OvxrZD2lhAoU/xBqs95lgXc8k7fSsa5EELh5iG6cxdLXfY1qA=="
    }
  },
  "dependencies": {
    "firstui-uni": {
      "version": "1.9.1",
      "resolved": "https://registry.npmmirror.com/firstui-uni/-/firstui-uni-1.9.1.tgz",
      "integrity": "sha512-o2lDEuBt15FVL6UZmJMOgA2U8nQNAvQLKGQp/OvxrZD2lhAoU/xBqs95lgXc8k7fSsa5EELh5iG6cxdLXfY1qA=="
    }
  }
}
