{
  "name": "legal-encyclopedias-frontend",
  "lockfileVersion": 2,
  "requires": true,
  "packages": {
    "": {
      "dependencies": {
        "@dcloudio/uni-ui": "^1.4.26",
        "firstui-uni": "^1.9.1"
      }
    },
    "node_modules/@dcloudio/uni-ui": {
      "version": "1.4.26",
      "resolved": "https://registry.npmmirror.com/@dcloudio/uni-ui/-/uni-ui-1.4.26.tgz",
      "integrity": "sha512-JpYXNi9WEmFeTcF6EWrksrMqA0HEl76nxW/Imd0PW1qm/7TORAGSpvMmEDYrMQ3vIbRQFV+n6bhiJIWi34u/5Q=="
    },
    "node_modules/firstui-uni": {
      "version": "1.9.1",
      "resolved": "https://registry.npmmirror.com/firstui-uni/-/firstui-uni-1.9.1.tgz",
      "integrity": "sha512-o2lDEuBt15FVL6UZmJMOgA2U8nQNAvQLKGQp/OvxrZD2lhAoU/xBqs95lgXc8k7fSsa5EELh5iG6cxdLXfY1qA=="
    }
  },
  "dependencies": {
    "@dcloudio/uni-ui": {
      "version": "1.4.26",
      "resolved": "https://registry.npmmirror.com/@dcloudio/uni-ui/-/uni-ui-1.4.26.tgz",
      "integrity": "sha512-JpYXNi9WEmFeTcF6EWrksrMqA0HEl76nxW/Imd0PW1qm/7TORAGSpvMmEDYrMQ3vIbRQFV+n6bhiJIWi34u/5Q=="
    },
    "firstui-uni": {
      "version": "1.9.1",
      "resolved": "https://registry.npmmirror.com/firstui-uni/-/firstui-uni-1.9.1.tgz",
      "integrity": "sha512-o2lDEuBt15FVL6UZmJMOgA2U8nQNAvQLKGQp/OvxrZD2lhAoU/xBqs95lgXc8k7fSsa5EELh5iG6cxdLXfY1qA=="
    }
  }
}
